// !$*UTF8*$!
{
	archiveVersion = 1;
	classes = {
	};
	objectVersion = 46;
	objects = {

/* Begin PBXBuildFile section */
		4606870A1A8A82A8000EAAD2 /* AppDelegate.m in Sources */ = {isa = PBXBuildFile; fileRef = 460687091A8A82A8000EAAD2 /* AppDelegate.m */; };
		4606870C1A8A82A8000EAAD2 /* main.m in Sources */ = {isa = PBXBuildFile; fileRef = 4606870B1A8A82A8000EAAD2 /* main.m */; };
		4606870E1A8A82A8000EAAD2 /* Images.xcassets in Resources */ = {isa = PBXBuildFile; fileRef = 4606870D1A8A82A8000EAAD2 /* Images.xcassets */; };
		460687111A8A82A8000EAAD2 /* MainMenu.xib in Resources */ = {isa = PBXBuildFile; fileRef = 4606870F1A8A82A8000EAAD2 /* MainMenu.xib */; };
		4606871D1A8A82A8000EAAD2 /* GifToSyphonTests.m in Sources */ = {isa = PBXBuildFile; fileRef = 4606871C1A8A82A8000EAAD2 /* GifToSyphonTests.m */; };
		4606872C1A8A8487000EAAD2 /* VVGIFPlayer.m in Sources */ = {isa = PBXBuildFile; fileRef = 4606872B1A8A8487000EAAD2 /* VVGIFPlayer.m */; };
		460687931A8A86DD000EAAD2 /* VVBasics.framework in Frameworks */ = {isa = PBXBuildFile; fileRef = 4606874E1A8A86AD000EAAD2 /* VVBasics.framework */; };
		460687951A8A86EA000EAAD2 /* VVBasics.framework in CopyFiles */ = {isa = PBXBuildFile; fileRef = 4606874E1A8A86AD000EAAD2 /* VVBasics.framework */; settings = {ATTRIBUTES = (CodeSignOnCopy, RemoveHeadersOnCopy, ); }; };
		460687971A8A86F7000EAAD2 /* AVFoundation.framework in Frameworks */ = {isa = PBXBuildFile; fileRef = 460687961A8A86F7000EAAD2 /* AVFoundation.framework */; };
		4606879A1A8A8721000EAAD2 /* VVGIFPlayerItem.m in Sources */ = {isa = PBXBuildFile; fileRef = 460687991A8A8721000EAAD2 /* VVGIFPlayerItem.m */; };
		460687C51A8AE49D000EAAD2 /* VVGIFFrame.m in Sources */ = {isa = PBXBuildFile; fileRef = 460687C41A8AE49D000EAAD2 /* VVGIFFrame.m */; };
		460687CC1A8AF81C000EAAD2 /* VVBufferPool.framework in Frameworks */ = {isa = PBXBuildFile; fileRef = 460687501A8A86AD000EAAD2 /* VVBufferPool.framework */; };
		460687CD1A8AF823000EAAD2 /* VVBufferPool.framework in CopyFiles */ = {isa = PBXBuildFile; fileRef = 460687501A8A86AD000EAAD2 /* VVBufferPool.framework */; settings = {ATTRIBUTES = (CodeSignOnCopy, RemoveHeadersOnCopy, ); }; };
		468FE3071A8B4A1E00448F83 /* Poweredby_100px-White_VertText.png in Resources */ = {isa = PBXBuildFile; fileRef = 468FE3061A8B4A1E00448F83 /* Poweredby_100px-White_VertText.png */; };
		468FE3291A8BFD6500448F83 /* Default.gif in Resources */ = {isa = PBXBuildFile; fileRef = 468FE3281A8BFD6500448F83 /* Default.gif */; };
		468FE32E1A8BFEFD00448F83 /* GifToSyphon.icns in Resources */ = {isa = PBXBuildFile; fileRef = 468FE32D1A8BFEFD00448F83 /* GifToSyphon.icns */; };
		469370FB1A9665B700C86B4C /* Syphon.framework in Frameworks */ = {isa = PBXBuildFile; fileRef = 469370FA1A9665B700C86B4C /* Syphon.framework */; };
		469370FC1A9665CC00C86B4C /* Syphon.framework in CopyFiles */ = {isa = PBXBuildFile; fileRef = 469370FA1A9665B700C86B4C /* Syphon.framework */; settings = {ATTRIBUTES = (CodeSignOnCopy, RemoveHeadersOnCopy, ); }; };
		DD64B17F1BDEB77C001165AD /* JSONKit.m in Sources */ = {isa = PBXBuildFile; fileRef = DD64B17E1BDEB77C001165AD /* JSONKit.m */; };
		DDDE5F021BDEBE0D00433DD7 /* VVBufferGLView+Dragging.m in Sources */ = {isa = PBXBuildFile; fileRef = DDDE5F011BDEBE0D00433DD7 /* VVBufferGLView+Dragging.m */; };
/* End PBXBuildFile section */

/* Begin PBXContainerItemProxy section */
		460687171A8A82A8000EAAD2 /* PBXContainerItemProxy */ = {
			isa = PBXContainerItemProxy;
			containerPortal = 460686FB1A8A82A8000EAAD2 /* Project object */;
			proxyType = 1;
			remoteGlobalIDString = 460687021A8A82A8000EAAD2;
			remoteInfo = GifToSyphon;
		};
		4606874D1A8A86AD000EAAD2 /* PBXContainerItemProxy */ = {
			isa = PBXContainerItemProxy;
			containerPortal = 460687311A8A86AD000EAAD2 /* VVOpenSource.xcodeproj */;
			proxyType = 2;
			remoteGlobalIDString = 961EA8ED100E8565007E6C25;
			remoteInfo = VVBasics;
		};
		4606874F1A8A86AD000EAAD2 /* PBXContainerItemProxy */ = {
			isa = PBXContainerItemProxy;
			containerPortal = 460687311A8A86AD000EAAD2 /* VVOpenSource.xcodeproj */;
			proxyType = 2;
			remoteGlobalIDString = 96C8073A19817C1600FA7825;
			remoteInfo = VVBufferPool;
		};
		460687511A8A86AD000EAAD2 /* PBXContainerItemProxy */ = {
			isa = PBXContainerItemProxy;
			containerPortal = 460687311A8A86AD000EAAD2 /* VVOpenSource.xcodeproj */;
			proxyType = 2;
			remoteGlobalIDString = 96C8071219817BFE00FA7825;
			remoteInfo = DDMathParser;
		};
		460687551A8A86AD000EAAD2 /* PBXContainerItemProxy */ = {
			isa = PBXContainerItemProxy;
			containerPortal = 460687311A8A86AD000EAAD2 /* VVOpenSource.xcodeproj */;
			proxyType = 2;
			remoteGlobalIDString = 964FF27D1981B5AF00CCC808;
			remoteInfo = VVISFKit;
		};
		460687571A8A86AD000EAAD2 /* PBXContainerItemProxy */ = {
			isa = PBXContainerItemProxy;
			containerPortal = 460687311A8A86AD000EAAD2 /* VVOpenSource.xcodeproj */;
			proxyType = 2;
			remoteGlobalIDString = 96B06C1C18BE0ECF000A921C;
			remoteInfo = VVUIToolbox;
		};
		460687591A8A86AD000EAAD2 /* PBXContainerItemProxy */ = {
			isa = PBXContainerItemProxy;
			containerPortal = 460687311A8A86AD000EAAD2 /* VVOpenSource.xcodeproj */;
			proxyType = 2;
			remoteGlobalIDString = 961745F4100F86B400FB60E6;
			remoteInfo = VVMIDI;
		};
		4606875B1A8A86AD000EAAD2 /* PBXContainerItemProxy */ = {
			isa = PBXContainerItemProxy;
			containerPortal = 460687311A8A86AD000EAAD2 /* VVOpenSource.xcodeproj */;
			proxyType = 2;
			remoteGlobalIDString = 9628D0C5100E89F700C3944E;
			remoteInfo = VVOSC;
		};
		4606875D1A8A86AD000EAAD2 /* PBXContainerItemProxy */ = {
			isa = PBXContainerItemProxy;
			containerPortal = 460687311A8A86AD000EAAD2 /* VVOpenSource.xcodeproj */;
			proxyType = 2;
			remoteGlobalIDString = 968FAA86108B6141000E470D;
			remoteInfo = CrashReporterTestApp;
		};
		4606875F1A8A86AD000EAAD2 /* PBXContainerItemProxy */ = {
			isa = PBXContainerItemProxy;
			containerPortal = 460687311A8A86AD000EAAD2 /* VVOpenSource.xcodeproj */;
			proxyType = 2;
			remoteGlobalIDString = 9656D900100F89BA0064EEA6;
			remoteInfo = MIDITestApp;
		};
		460687611A8A86AD000EAAD2 /* PBXContainerItemProxy */ = {
			isa = PBXContainerItemProxy;
			containerPortal = 460687311A8A86AD000EAAD2 /* VVOpenSource.xcodeproj */;
			proxyType = 2;
			remoteGlobalIDString = 9628D179100E8B4D00C3944E;
			remoteInfo = OSCTestApp;
		};
		460687631A8A86AD000EAAD2 /* PBXContainerItemProxy */ = {
			isa = PBXContainerItemProxy;
			containerPortal = 460687311A8A86AD000EAAD2 /* VVOpenSource.xcodeproj */;
			proxyType = 2;
			remoteGlobalIDString = 96B49302106AEB4C008FB26E;
			remoteInfo = MIDIviaOSC;
		};
		460687651A8A86AD000EAAD2 /* PBXContainerItemProxy */ = {
			isa = PBXContainerItemProxy;
			containerPortal = 460687311A8A86AD000EAAD2 /* VVOpenSource.xcodeproj */;
			proxyType = 2;
			remoteGlobalIDString = 966CCBD81431EFB9006D580F;
			remoteInfo = OSCQueryTest;
		};
		460687671A8A86AD000EAAD2 /* PBXContainerItemProxy */ = {
			isa = PBXContainerItemProxy;
			containerPortal = 460687311A8A86AD000EAAD2 /* VVOpenSource.xcodeproj */;
			proxyType = 2;
			remoteGlobalIDString = 96ACD7211706416300138AE6;
			remoteInfo = OSCPingTester;
		};
		460687691A8A86AD000EAAD2 /* PBXContainerItemProxy */ = {
			isa = PBXContainerItemProxy;
			containerPortal = 460687311A8A86AD000EAAD2 /* VVOpenSource.xcodeproj */;
			proxyType = 2;
			remoteGlobalIDString = 96C18C2D185A1A740082DE35;
			remoteInfo = VVBasicsStatic;
		};
		4606876B1A8A86AD000EAAD2 /* PBXContainerItemProxy */ = {
			isa = PBXContainerItemProxy;
			containerPortal = 460687311A8A86AD000EAAD2 /* VVOpenSource.xcodeproj */;
			proxyType = 2;
			remoteGlobalIDString = 96C18C3E185A1A7D0082DE35;
			remoteInfo = VVOSCStatic;
		};
		4606876D1A8A86AD000EAAD2 /* PBXContainerItemProxy */ = {
			isa = PBXContainerItemProxy;
			containerPortal = 460687311A8A86AD000EAAD2 /* VVOpenSource.xcodeproj */;
			proxyType = 2;
			remoteGlobalIDString = 1A6F726619033A9D00A6FBAD;
			remoteInfo = VVUIToolboxStatic;
		};
		4606876F1A8A86AD000EAAD2 /* PBXContainerItemProxy */ = {
			isa = PBXContainerItemProxy;
			containerPortal = 460687311A8A86AD000EAAD2 /* VVOpenSource.xcodeproj */;
			proxyType = 2;
			remoteGlobalIDString = 965C1CAC1983BE7D00111741;
			remoteInfo = "GLScene Test App";
		};
		460687711A8A86AD000EAAD2 /* PBXContainerItemProxy */ = {
			isa = PBXContainerItemProxy;
			containerPortal = 460687311A8A86AD000EAAD2 /* VVOpenSource.xcodeproj */;
			proxyType = 2;
			remoteGlobalIDString = 965C1CC71983BE9A00111741;
			remoteInfo = "QCGLScene Test App";
		};
		460687731A8A86AD000EAAD2 /* PBXContainerItemProxy */ = {
			isa = PBXContainerItemProxy;
			containerPortal = 460687311A8A86AD000EAAD2 /* VVOpenSource.xcodeproj */;
			proxyType = 2;
			remoteGlobalIDString = 965C1CE21983BEA200111741;
			remoteInfo = "CIGLScene Test App";
		};
		460687751A8A86AD000EAAD2 /* PBXContainerItemProxy */ = {
			isa = PBXContainerItemProxy;
			containerPortal = 460687311A8A86AD000EAAD2 /* VVOpenSource.xcodeproj */;
			proxyType = 2;
			remoteGlobalIDString = 965C1CFD198403C300111741;
			remoteInfo = "ISFGLScene Test App";
		};
		460687771A8A86AD000EAAD2 /* PBXContainerItemProxy */ = {
			isa = PBXContainerItemProxy;
			containerPortal = 460687311A8A86AD000EAAD2 /* VVOpenSource.xcodeproj */;
			proxyType = 2;
			remoteGlobalIDString = 96140109198AD46D00335292;
			remoteInfo = "QT and Hap Test App";
		};
		DD64B19B1BDEB77C001165AD /* PBXContainerItemProxy */ = {
			isa = PBXContainerItemProxy;
			containerPortal = 460687311A8A86AD000EAAD2 /* VVOpenSource.xcodeproj */;
			proxyType = 2;
			remoteGlobalIDString = 1A7128AF1B61065000528CDB;
			remoteInfo = MultiClassXPC;
		};
		DD64B19D1BDEB77C001165AD /* PBXContainerItemProxy */ = {
			isa = PBXContainerItemProxy;
			containerPortal = 460687311A8A86AD000EAAD2 /* VVOpenSource.xcodeproj */;
			proxyType = 2;
			remoteGlobalIDString = 1A7128D41B610B4700528CDB;
			remoteInfo = MultiClassXPCTestApp;
		};
		DD64B19F1BDEB77C001165AD /* PBXContainerItemProxy */ = {
			isa = PBXContainerItemProxy;
			containerPortal = 460687311A8A86AD000EAAD2 /* VVOpenSource.xcodeproj */;
			proxyType = 2;
			remoteGlobalIDString = 1A7128F81B610B6F00528CDB;
			remoteInfo = MultiClassXPCTestService;
		};
/* End PBXContainerItemProxy section */

/* Begin PBXCopyFilesBuildPhase section */
		460687941A8A86E2000EAAD2 /* CopyFiles */ = {
			isa = PBXCopyFilesBuildPhase;
			buildActionMask = 2147483647;
			dstPath = "";
			dstSubfolderSpec = 10;
			files = (
				469370FC1A9665CC00C86B4C /* Syphon.framework in CopyFiles */,
				460687CD1A8AF823000EAAD2 /* VVBufferPool.framework in CopyFiles */,
				460687951A8A86EA000EAAD2 /* VVBasics.framework in CopyFiles */,
			);
			runOnlyForDeploymentPostprocessing = 0;
		};
/* End PBXCopyFilesBuildPhase section */

/* Begin PBXFileReference section */
		460687031A8A82A8000EAAD2 /* GifToSyphon.app */ = {isa = PBXFileReference; explicitFileType = wrapper.application; includeInIndex = 0; path = GifToSyphon.app; sourceTree = BUILT_PRODUCTS_DIR; };
		460687071A8A82A8000EAAD2 /* Info.plist */ = {isa = PBXFileReference; lastKnownFileType = text.plist.xml; path = Info.plist; sourceTree = "<group>"; };
		460687081A8A82A8000EAAD2 /* AppDelegate.h */ = {isa = PBXFileReference; lastKnownFileType = sourcecode.c.h; path = AppDelegate.h; sourceTree = "<group>"; };
		460687091A8A82A8000EAAD2 /* AppDelegate.m */ = {isa = PBXFileReference; lastKnownFileType = sourcecode.c.objc; path = AppDelegate.m; sourceTree = "<group>"; };
		4606870B1A8A82A8000EAAD2 /* main.m */ = {isa = PBXFileReference; lastKnownFileType = sourcecode.c.objc; path = main.m; sourceTree = "<group>"; };
		4606870D1A8A82A8000EAAD2 /* Images.xcassets */ = {isa = PBXFileReference; lastKnownFileType = folder.assetcatalog; path = Images.xcassets; sourceTree = "<group>"; };
		460687101A8A82A8000EAAD2 /* Base */ = {isa = PBXFileReference; lastKnownFileType = file.xib; name = Base; path = Base.lproj/MainMenu.xib; sourceTree = "<group>"; };
		460687161A8A82A8000EAAD2 /* GifToSyphonTests.xctest */ = {isa = PBXFileReference; explicitFileType = wrapper.cfbundle; includeInIndex = 0; path = GifToSyphonTests.xctest; sourceTree = BUILT_PRODUCTS_DIR; };
		4606871B1A8A82A8000EAAD2 /* Info.plist */ = {isa = PBXFileReference; lastKnownFileType = text.plist.xml; path = Info.plist; sourceTree = "<group>"; };
		4606871C1A8A82A8000EAAD2 /* GifToSyphonTests.m */ = {isa = PBXFileReference; lastKnownFileType = sourcecode.c.objc; path = GifToSyphonTests.m; sourceTree = "<group>"; };
		4606872A1A8A8487000EAAD2 /* VVGIFPlayer.h */ = {isa = PBXFileReference; fileEncoding = 4; lastKnownFileType = sourcecode.c.h; name = VVGIFPlayer.h; path = VVGIFKit/VVGIFPlayer.h; sourceTree = "<group>"; };
		4606872B1A8A8487000EAAD2 /* VVGIFPlayer.m */ = {isa = PBXFileReference; fileEncoding = 4; lastKnownFileType = sourcecode.c.objc; name = VVGIFPlayer.m; path = VVGIFKit/VVGIFPlayer.m; sourceTree = "<group>"; };
		460687311A8A86AD000EAAD2 /* VVOpenSource.xcodeproj */ = {isa = PBXFileReference; lastKnownFileType = "wrapper.pb-project"; name = VVOpenSource.xcodeproj; path = ../../vvopensource/VVOpenSource.xcodeproj; sourceTree = "<group>"; };
		460687961A8A86F7000EAAD2 /* AVFoundation.framework */ = {isa = PBXFileReference; lastKnownFileType = wrapper.framework; name = AVFoundation.framework; path = System/Library/Frameworks/AVFoundation.framework; sourceTree = SDKROOT; };
		460687981A8A8721000EAAD2 /* VVGIFPlayerItem.h */ = {isa = PBXFileReference; fileEncoding = 4; lastKnownFileType = sourcecode.c.h; name = VVGIFPlayerItem.h; path = VVGIFKit/VVGIFPlayerItem.h; sourceTree = "<group>"; };
		460687991A8A8721000EAAD2 /* VVGIFPlayerItem.m */ = {isa = PBXFileReference; fileEncoding = 4; lastKnownFileType = sourcecode.c.objc; name = VVGIFPlayerItem.m; path = VVGIFKit/VVGIFPlayerItem.m; sourceTree = "<group>"; };
		460687C31A8AE49D000EAAD2 /* VVGIFFrame.h */ = {isa = PBXFileReference; fileEncoding = 4; lastKnownFileType = sourcecode.c.h; name = VVGIFFrame.h; path = VVGIFKit/VVGIFFrame.h; sourceTree = "<group>"; };
		460687C41A8AE49D000EAAD2 /* VVGIFFrame.m */ = {isa = PBXFileReference; fileEncoding = 4; lastKnownFileType = sourcecode.c.objc; name = VVGIFFrame.m; path = VVGIFKit/VVGIFFrame.m; sourceTree = "<group>"; };
		468FE3061A8B4A1E00448F83 /* Poweredby_100px-White_VertText.png */ = {isa = PBXFileReference; lastKnownFileType = image.png; path = "Poweredby_100px-White_VertText.png"; sourceTree = "<group>"; };
		468FE3281A8BFD6500448F83 /* Default.gif */ = {isa = PBXFileReference; lastKnownFileType = image.gif; path = Default.gif; sourceTree = "<group>"; };
		468FE32D1A8BFEFD00448F83 /* GifToSyphon.icns */ = {isa = PBXFileReference; lastKnownFileType = image.icns; path = GifToSyphon.icns; sourceTree = "<group>"; };
		469370FA1A9665B700C86B4C /* Syphon.framework */ = {isa = PBXFileReference; lastKnownFileType = wrapper.framework; name = Syphon.framework; path = Frameworks/Syphon.framework; sourceTree = "<group>"; };
		DD64B17D1BDEB77C001165AD /* JSONKit.h */ = {isa = PBXFileReference; fileEncoding = 4; lastKnownFileType = sourcecode.c.h; path = JSONKit.h; sourceTree = "<group>"; };
		DD64B17E1BDEB77C001165AD /* JSONKit.m */ = {isa = PBXFileReference; fileEncoding = 4; lastKnownFileType = sourcecode.c.objc; path = JSONKit.m; sourceTree = "<group>"; };
		DDDE5F001BDEBE0D00433DD7 /* VVBufferGLView+Dragging.h */ = {isa = PBXFileReference; fileEncoding = 4; lastKnownFileType = sourcecode.c.h; path = "VVBufferGLView+Dragging.h"; sourceTree = "<group>"; };
		DDDE5F011BDEBE0D00433DD7 /* VVBufferGLView+Dragging.m */ = {isa = PBXFileReference; fileEncoding = 4; lastKnownFileType = sourcecode.c.objc; path = "VVBufferGLView+Dragging.m"; sourceTree = "<group>"; };
		DDDE5F031BDEC49B00433DD7 /* DraggingDelegate.h */ = {isa = PBXFileReference; lastKnownFileType = sourcecode.c.h; path = DraggingDelegate.h; sourceTree = "<group>"; };
/* End PBXFileReference section */

/* Begin PBXFrameworksBuildPhase section */
		460687001A8A82A8000EAAD2 /* Frameworks */ = {
			isa = PBXFrameworksBuildPhase;
			buildActionMask = 2147483647;
			files = (
				460687971A8A86F7000EAAD2 /* AVFoundation.framework in Frameworks */,
				460687CC1A8AF81C000EAAD2 /* VVBufferPool.framework in Frameworks */,
				469370FB1A9665B700C86B4C /* Syphon.framework in Frameworks */,
				460687931A8A86DD000EAAD2 /* VVBasics.framework in Frameworks */,
			);
			runOnlyForDeploymentPostprocessing = 0;
		};
		460687131A8A82A8000EAAD2 /* Frameworks */ = {
			isa = PBXFrameworksBuildPhase;
			buildActionMask = 2147483647;
			files = (
			);
			runOnlyForDeploymentPostprocessing = 0;
		};
/* End PBXFrameworksBuildPhase section */

/* Begin PBXGroup section */
		460686FA1A8A82A8000EAAD2 = {
			isa = PBXGroup;
			children = (
				460687051A8A82A8000EAAD2 /* GifToSyphon */,
				460687191A8A82A8000EAAD2 /* GifToSyphonTests */,
				460687041A8A82A8000EAAD2 /* Products */,
				460687311A8A86AD000EAAD2 /* VVOpenSource.xcodeproj */,
			);
			sourceTree = "<group>";
		};
		460687041A8A82A8000EAAD2 /* Products */ = {
			isa = PBXGroup;
			children = (
				460687031A8A82A8000EAAD2 /* GifToSyphon.app */,
				460687161A8A82A8000EAAD2 /* GifToSyphonTests.xctest */,
			);
			name = Products;
			sourceTree = "<group>";
		};
		460687051A8A82A8000EAAD2 /* GifToSyphon */ = {
			isa = PBXGroup;
			children = (
				460687081A8A82A8000EAAD2 /* AppDelegate.h */,
				460687091A8A82A8000EAAD2 /* AppDelegate.m */,
				4606870D1A8A82A8000EAAD2 /* Images.xcassets */,
				4606870F1A8A82A8000EAAD2 /* MainMenu.xib */,
				468FE32D1A8BFEFD00448F83 /* GifToSyphon.icns */,
				468FE3281A8BFD6500448F83 /* Default.gif */,
				DD64B17D1BDEB77C001165AD /* JSONKit.h */,
				DD64B17E1BDEB77C001165AD /* JSONKit.m */,
				460687BB1A8A8976000EAAD2 /* VVGIFKit */,
				460687061A8A82A8000EAAD2 /* Supporting Files */,
				469370FA1A9665B700C86B4C /* Syphon.framework */,
				460687961A8A86F7000EAAD2 /* AVFoundation.framework */,
				DDDE5F001BDEBE0D00433DD7 /* VVBufferGLView+Dragging.h */,
				DDDE5F011BDEBE0D00433DD7 /* VVBufferGLView+Dragging.m */,
				DDDE5F031BDEC49B00433DD7 /* DraggingDelegate.h */,
			);
			path = GifToSyphon;
			sourceTree = "<group>";
		};
		460687061A8A82A8000EAAD2 /* Supporting Files */ = {
			isa = PBXGroup;
			children = (
				460687071A8A82A8000EAAD2 /* Info.plist */,
				4606870B1A8A82A8000EAAD2 /* main.m */,
			);
			name = "Supporting Files";
			sourceTree = "<group>";
		};
		460687191A8A82A8000EAAD2 /* GifToSyphonTests */ = {
			isa = PBXGroup;
			children = (
				4606871C1A8A82A8000EAAD2 /* GifToSyphonTests.m */,
				4606871A1A8A82A8000EAAD2 /* Supporting Files */,
			);
			path = GifToSyphonTests;
			sourceTree = "<group>";
		};
		4606871A1A8A82A8000EAAD2 /* Supporting Files */ = {
			isa = PBXGroup;
			children = (
				4606871B1A8A82A8000EAAD2 /* Info.plist */,
			);
			name = "Supporting Files";
			sourceTree = "<group>";
		};
		460687321A8A86AD000EAAD2 /* Products */ = {
			isa = PBXGroup;
			children = (
				4606874E1A8A86AD000EAAD2 /* VVBasics.framework */,
				460687501A8A86AD000EAAD2 /* VVBufferPool.framework */,
				460687521A8A86AD000EAAD2 /* DDMathParser.framework */,
				460687561A8A86AD000EAAD2 /* VVISFKit.framework */,
				460687581A8A86AD000EAAD2 /* VVUIToolbox.framework */,
				4606875A1A8A86AD000EAAD2 /* VVMIDI.framework */,
				4606875C1A8A86AD000EAAD2 /* VVOSC.framework */,
				DD64B19C1BDEB77C001165AD /* MultiClassXPC.framework */,
				4606875E1A8A86AD000EAAD2 /* CrashReporterTestApp.app */,
				460687601A8A86AD000EAAD2 /* MIDITestApp.app */,
				460687621A8A86AD000EAAD2 /* OSCTestApp.app */,
				460687641A8A86AD000EAAD2 /* MIDIviaOSC.app */,
				460687661A8A86AD000EAAD2 /* OSCQueryTest.app */,
				460687681A8A86AD000EAAD2 /* OSCPingTester.app */,
				4606876A1A8A86AD000EAAD2 /* libVVBasics.a */,
				4606876C1A8A86AD000EAAD2 /* libVVOSC.a */,
				4606876E1A8A86AD000EAAD2 /* libVVUIToolbox.a */,
				460687701A8A86AD000EAAD2 /* GLScene Test App.app */,
				460687721A8A86AD000EAAD2 /* QCGLScene Test App.app */,
				460687741A8A86AD000EAAD2 /* CIGLScene Test App.app */,
				460687761A8A86AD000EAAD2 /* ISFGLScene Test App.app */,
				460687781A8A86AD000EAAD2 /* QT and Hap Test App.app */,
				DD64B19E1BDEB77C001165AD /* MultiClassXPCTestApp.app */,
				DD64B1A01BDEB77C001165AD /* MultiClassXPCTestService.xpc */,
			);
			name = Products;
			sourceTree = "<group>";
		};
		460687BB1A8A8976000EAAD2 /* VVGIFKit */ = {
			isa = PBXGroup;
			children = (
				4606872A1A8A8487000EAAD2 /* VVGIFPlayer.h */,
				4606872B1A8A8487000EAAD2 /* VVGIFPlayer.m */,
				460687981A8A8721000EAAD2 /* VVGIFPlayerItem.h */,
				460687991A8A8721000EAAD2 /* VVGIFPlayerItem.m */,
				460687C31A8AE49D000EAAD2 /* VVGIFFrame.h */,
				460687C41A8AE49D000EAAD2 /* VVGIFFrame.m */,
				468FE3061A8B4A1E00448F83 /* Poweredby_100px-White_VertText.png */,
			);
			name = VVGIFKit;
			sourceTree = "<group>";
		};
/* End PBXGroup section */

/* Begin PBXNativeTarget section */
		460687021A8A82A8000EAAD2 /* GifToSyphon */ = {
			isa = PBXNativeTarget;
			buildConfigurationList = 460687201A8A82A8000EAAD2 /* Build configuration list for PBXNativeTarget "GifToSyphon" */;
			buildPhases = (
				460686FF1A8A82A8000EAAD2 /* Sources */,
				460687001A8A82A8000EAAD2 /* Frameworks */,
				460687011A8A82A8000EAAD2 /* Resources */,
				460687941A8A86E2000EAAD2 /* CopyFiles */,
			);
			buildRules = (
			);
			dependencies = (
			);
			name = GifToSyphon;
			productName = GifToSyphon;
			productReference = 460687031A8A82A8000EAAD2 /* GifToSyphon.app */;
			productType = "com.apple.product-type.application";
		};
		460687151A8A82A8000EAAD2 /* GifToSyphonTests */ = {
			isa = PBXNativeTarget;
			buildConfigurationList = 460687231A8A82A8000EAAD2 /* Build configuration list for PBXNativeTarget "GifToSyphonTests" */;
			buildPhases = (
				460687121A8A82A8000EAAD2 /* Sources */,
				460687131A8A82A8000EAAD2 /* Frameworks */,
				460687141A8A82A8000EAAD2 /* Resources */,
			);
			buildRules = (
			);
			dependencies = (
				460687181A8A82A8000EAAD2 /* PBXTargetDependency */,
			);
			name = GifToSyphonTests;
			productName = GifToSyphonTests;
			productReference = 460687161A8A82A8000EAAD2 /* GifToSyphonTests.xctest */;
			productType = "com.apple.product-type.bundle.unit-test";
		};
/* End PBXNativeTarget section */

/* Begin PBXProject section */
		460686FB1A8A82A8000EAAD2 /* Project object */ = {
			isa = PBXProject;
			attributes = {
				LastUpgradeCheck = 0610;
				ORGANIZATIONNAME = VIDVOX;
				TargetAttributes = {
					460687021A8A82A8000EAAD2 = {
						CreatedOnToolsVersion = 6.1.1;
					};
					460687151A8A82A8000EAAD2 = {
						CreatedOnToolsVersion = 6.1.1;
						TestTargetID = 460687021A8A82A8000EAAD2;
					};
				};
			};
			buildConfigurationList = 460686FE1A8A82A8000EAAD2 /* Build configuration list for PBXProject "GifToSyphon" */;
			compatibilityVersion = "Xcode 3.2";
			developmentRegion = English;
			hasScannedForEncodings = 0;
			knownRegions = (
				en,
				Base,
			);
			mainGroup = 460686FA1A8A82A8000EAAD2;
			productRefGroup = 460687041A8A82A8000EAAD2 /* Products */;
			projectDirPath = "";
			projectReferences = (
				{
					ProductGroup = 460687321A8A86AD000EAAD2 /* Products */;
					ProjectRef = 460687311A8A86AD000EAAD2 /* VVOpenSource.xcodeproj */;
				},
			);
			projectRoot = "";
			targets = (
				460687021A8A82A8000EAAD2 /* GifToSyphon */,
				460687151A8A82A8000EAAD2 /* GifToSyphonTests */,
			);
		};
/* End PBXProject section */

/* Begin PBXReferenceProxy section */
		4606874E1A8A86AD000EAAD2 /* VVBasics.framework */ = {
			isa = PBXReferenceProxy;
			fileType = wrapper.framework;
			path = VVBasics.framework;
			remoteRef = 4606874D1A8A86AD000EAAD2 /* PBXContainerItemProxy */;
			sourceTree = BUILT_PRODUCTS_DIR;
		};
		460687501A8A86AD000EAAD2 /* VVBufferPool.framework */ = {
			isa = PBXReferenceProxy;
			fileType = wrapper.framework;
			path = VVBufferPool.framework;
			remoteRef = 4606874F1A8A86AD000EAAD2 /* PBXContainerItemProxy */;
			sourceTree = BUILT_PRODUCTS_DIR;
		};
		460687521A8A86AD000EAAD2 /* DDMathParser.framework */ = {
			isa = PBXReferenceProxy;
			fileType = wrapper.framework;
			path = DDMathParser.framework;
			remoteRef = 460687511A8A86AD000EAAD2 /* PBXContainerItemProxy */;
			sourceTree = BUILT_PRODUCTS_DIR;
		};
		460687561A8A86AD000EAAD2 /* VVISFKit.framework */ = {
			isa = PBXReferenceProxy;
			fileType = wrapper.framework;
			path = VVISFKit.framework;
			remoteRef = 460687551A8A86AD000EAAD2 /* PBXContainerItemProxy */;
			sourceTree = BUILT_PRODUCTS_DIR;
		};
		460687581A8A86AD000EAAD2 /* VVUIToolbox.framework */ = {
			isa = PBXReferenceProxy;
			fileType = wrapper.framework;
			path = VVUIToolbox.framework;
			remoteRef = 460687571A8A86AD000EAAD2 /* PBXContainerItemProxy */;
			sourceTree = BUILT_PRODUCTS_DIR;
		};
		4606875A1A8A86AD000EAAD2 /* VVMIDI.framework */ = {
			isa = PBXReferenceProxy;
			fileType = wrapper.framework;
			path = VVMIDI.framework;
			remoteRef = 460687591A8A86AD000EAAD2 /* PBXContainerItemProxy */;
			sourceTree = BUILT_PRODUCTS_DIR;
		};
		4606875C1A8A86AD000EAAD2 /* VVOSC.framework */ = {
			isa = PBXReferenceProxy;
			fileType = wrapper.framework;
			path = VVOSC.framework;
			remoteRef = 4606875B1A8A86AD000EAAD2 /* PBXContainerItemProxy */;
			sourceTree = BUILT_PRODUCTS_DIR;
		};
		4606875E1A8A86AD000EAAD2 /* CrashReporterTestApp.app */ = {
			isa = PBXReferenceProxy;
			fileType = wrapper.application;
			path = CrashReporterTestApp.app;
			remoteRef = 4606875D1A8A86AD000EAAD2 /* PBXContainerItemProxy */;
			sourceTree = BUILT_PRODUCTS_DIR;
		};
		460687601A8A86AD000EAAD2 /* MIDITestApp.app */ = {
			isa = PBXReferenceProxy;
			fileType = wrapper.application;
			path = MIDITestApp.app;
			remoteRef = 4606875F1A8A86AD000EAAD2 /* PBXContainerItemProxy */;
			sourceTree = BUILT_PRODUCTS_DIR;
		};
		460687621A8A86AD000EAAD2 /* OSCTestApp.app */ = {
			isa = PBXReferenceProxy;
			fileType = wrapper.application;
			path = OSCTestApp.app;
			remoteRef = 460687611A8A86AD000EAAD2 /* PBXContainerItemProxy */;
			sourceTree = BUILT_PRODUCTS_DIR;
		};
		460687641A8A86AD000EAAD2 /* MIDIviaOSC.app */ = {
			isa = PBXReferenceProxy;
			fileType = wrapper.application;
			path = MIDIviaOSC.app;
			remoteRef = 460687631A8A86AD000EAAD2 /* PBXContainerItemProxy */;
			sourceTree = BUILT_PRODUCTS_DIR;
		};
		460687661A8A86AD000EAAD2 /* OSCQueryTest.app */ = {
			isa = PBXReferenceProxy;
			fileType = wrapper.application;
			path = OSCQueryTest.app;
			remoteRef = 460687651A8A86AD000EAAD2 /* PBXContainerItemProxy */;
			sourceTree = BUILT_PRODUCTS_DIR;
		};
		460687681A8A86AD000EAAD2 /* OSCPingTester.app */ = {
			isa = PBXReferenceProxy;
			fileType = wrapper.application;
			path = OSCPingTester.app;
			remoteRef = 460687671A8A86AD000EAAD2 /* PBXContainerItemProxy */;
			sourceTree = BUILT_PRODUCTS_DIR;
		};
		4606876A1A8A86AD000EAAD2 /* libVVBasics.a */ = {
			isa = PBXReferenceProxy;
			fileType = archive.ar;
			path = libVVBasics.a;
			remoteRef = 460687691A8A86AD000EAAD2 /* PBXContainerItemProxy */;
			sourceTree = BUILT_PRODUCTS_DIR;
		};
		4606876C1A8A86AD000EAAD2 /* libVVOSC.a */ = {
			isa = PBXReferenceProxy;
			fileType = archive.ar;
			path = libVVOSC.a;
			remoteRef = 4606876B1A8A86AD000EAAD2 /* PBXContainerItemProxy */;
			sourceTree = BUILT_PRODUCTS_DIR;
		};
		4606876E1A8A86AD000EAAD2 /* libVVUIToolbox.a */ = {
			isa = PBXReferenceProxy;
			fileType = archive.ar;
			path = libVVUIToolbox.a;
			remoteRef = 4606876D1A8A86AD000EAAD2 /* PBXContainerItemProxy */;
			sourceTree = BUILT_PRODUCTS_DIR;
		};
		460687701A8A86AD000EAAD2 /* GLScene Test App.app */ = {
			isa = PBXReferenceProxy;
			fileType = wrapper.application;
			path = "GLScene Test App.app";
			remoteRef = 4606876F1A8A86AD000EAAD2 /* PBXContainerItemProxy */;
			sourceTree = BUILT_PRODUCTS_DIR;
		};
		460687721A8A86AD000EAAD2 /* QCGLScene Test App.app */ = {
			isa = PBXReferenceProxy;
			fileType = wrapper.application;
			path = "QCGLScene Test App.app";
			remoteRef = 460687711A8A86AD000EAAD2 /* PBXContainerItemProxy */;
			sourceTree = BUILT_PRODUCTS_DIR;
		};
		460687741A8A86AD000EAAD2 /* CIGLScene Test App.app */ = {
			isa = PBXReferenceProxy;
			fileType = wrapper.application;
			path = "CIGLScene Test App.app";
			remoteRef = 460687731A8A86AD000EAAD2 /* PBXContainerItemProxy */;
			sourceTree = BUILT_PRODUCTS_DIR;
		};
		460687761A8A86AD000EAAD2 /* ISFGLScene Test App.app */ = {
			isa = PBXReferenceProxy;
			fileType = wrapper.application;
			path = "ISFGLScene Test App.app";
			remoteRef = 460687751A8A86AD000EAAD2 /* PBXContainerItemProxy */;
			sourceTree = BUILT_PRODUCTS_DIR;
		};
		460687781A8A86AD000EAAD2 /* QT and Hap Test App.app */ = {
			isa = PBXReferenceProxy;
			fileType = wrapper.application;
			path = "QT and Hap Test App.app";
			remoteRef = 460687771A8A86AD000EAAD2 /* PBXContainerItemProxy */;
			sourceTree = BUILT_PRODUCTS_DIR;
		};
		DD64B19C1BDEB77C001165AD /* MultiClassXPC.framework */ = {
			isa = PBXReferenceProxy;
			fileType = wrapper.framework;
			path = MultiClassXPC.framework;
			remoteRef = DD64B19B1BDEB77C001165AD /* PBXContainerItemProxy */;
			sourceTree = BUILT_PRODUCTS_DIR;
		};
		DD64B19E1BDEB77C001165AD /* MultiClassXPCTestApp.app */ = {
			isa = PBXReferenceProxy;
			fileType = wrapper.application;
			path = MultiClassXPCTestApp.app;
			remoteRef = DD64B19D1BDEB77C001165AD /* PBXContainerItemProxy */;
			sourceTree = BUILT_PRODUCTS_DIR;
		};
		DD64B1A01BDEB77C001165AD /* MultiClassXPCTestService.xpc */ = {
			isa = PBXReferenceProxy;
			fileType = "wrapper.xpc-service";
			path = MultiClassXPCTestService.xpc;
			remoteRef = DD64B19F1BDEB77C001165AD /* PBXContainerItemProxy */;
			sourceTree = BUILT_PRODUCTS_DIR;
		};
/* End PBXReferenceProxy section */

/* Begin PBXResourcesBuildPhase section */
		460687011A8A82A8000EAAD2 /* Resources */ = {
			isa = PBXResourcesBuildPhase;
			buildActionMask = 2147483647;
			files = (
				468FE3291A8BFD6500448F83 /* Default.gif in Resources */,
				4606870E1A8A82A8000EAAD2 /* Images.xcassets in Resources */,
				468FE3071A8B4A1E00448F83 /* Poweredby_100px-White_VertText.png in Resources */,
				460687111A8A82A8000EAAD2 /* MainMenu.xib in Resources */,
				468FE32E1A8BFEFD00448F83 /* GifToSyphon.icns in Resources */,
			);
			runOnlyForDeploymentPostprocessing = 0;
		};
		460687141A8A82A8000EAAD2 /* Resources */ = {
			isa = PBXResourcesBuildPhase;
			buildActionMask = 2147483647;
			files = (
			);
			runOnlyForDeploymentPostprocessing = 0;
		};
/* End PBXResourcesBuildPhase section */

/* Begin PBXSourcesBuildPhase section */
		460686FF1A8A82A8000EAAD2 /* Sources */ = {
			isa = PBXSourcesBuildPhase;
			buildActionMask = 2147483647;
			files = (
				460687C51A8AE49D000EAAD2 /* VVGIFFrame.m in Sources */,
				4606870C1A8A82A8000EAAD2 /* main.m in Sources */,
				DD64B17F1BDEB77C001165AD /* JSONKit.m in Sources */,
				4606870A1A8A82A8000EAAD2 /* AppDelegate.m in Sources */,
				4606879A1A8A8721000EAAD2 /* VVGIFPlayerItem.m in Sources */,
				DDDE5F021BDEBE0D00433DD7 /* VVBufferGLView+Dragging.m in Sources */,
				4606872C1A8A8487000EAAD2 /* VVGIFPlayer.m in Sources */,
			);
			runOnlyForDeploymentPostprocessing = 0;
		};
		460687121A8A82A8000EAAD2 /* Sources */ = {
			isa = PBXSourcesBuildPhase;
			buildActionMask = 2147483647;
			files = (
				4606871D1A8A82A8000EAAD2 /* GifToSyphonTests.m in Sources */,
			);
			runOnlyForDeploymentPostprocessing = 0;
		};
/* End PBXSourcesBuildPhase section */

/* Begin PBXTargetDependency section */
		460687181A8A82A8000EAAD2 /* PBXTargetDependency */ = {
			isa = PBXTargetDependency;
			target = 460687021A8A82A8000EAAD2 /* GifToSyphon */;
			targetProxy = 460687171A8A82A8000EAAD2 /* PBXContainerItemProxy */;
		};
/* End PBXTargetDependency section */

/* Begin PBXVariantGroup section */
		4606870F1A8A82A8000EAAD2 /* MainMenu.xib */ = {
			isa = PBXVariantGroup;
			children = (
				460687101A8A82A8000EAAD2 /* Base */,
			);
			name = MainMenu.xib;
			sourceTree = "<group>";
		};
/* End PBXVariantGroup section */

/* Begin XCBuildConfiguration section */
		4606871E1A8A82A8000EAAD2 /* Debug */ = {
			isa = XCBuildConfiguration;
			buildSettings = {
				ALWAYS_SEARCH_USER_PATHS = NO;
				CLANG_CXX_LANGUAGE_STANDARD = "gnu++0x";
				CLANG_CXX_LIBRARY = "libc++";
				CLANG_ENABLE_MODULES = YES;
				CLANG_ENABLE_OBJC_ARC = NO;
				CLANG_WARN_BOOL_CONVERSION = YES;
				CLANG_WARN_CONSTANT_CONVERSION = YES;
				CLANG_WARN_DIRECT_OBJC_ISA_USAGE = YES_ERROR;
				CLANG_WARN_EMPTY_BODY = YES;
				CLANG_WARN_ENUM_CONVERSION = YES;
				CLANG_WARN_INT_CONVERSION = YES;
				CLANG_WARN_OBJC_ROOT_CLASS = YES_ERROR;
				CLANG_WARN_UNREACHABLE_CODE = YES;
				CLANG_WARN__DUPLICATE_METHOD_MATCH = YES;
				CODE_SIGN_IDENTITY = "-";
				COPY_PHASE_STRIP = NO;
				ENABLE_STRICT_OBJC_MSGSEND = YES;
				GCC_C_LANGUAGE_STANDARD = gnu99;
				GCC_DYNAMIC_NO_PIC = NO;
				GCC_OPTIMIZATION_LEVEL = 0;
				GCC_PREPROCESSOR_DEFINITIONS = (
					"DEBUG=1",
					"$(inherited)",
				);
				GCC_SYMBOLS_PRIVATE_EXTERN = NO;
				GCC_WARN_64_TO_32_BIT_CONVERSION = YES;
				GCC_WARN_ABOUT_RETURN_TYPE = YES_ERROR;
				GCC_WARN_UNDECLARED_SELECTOR = YES;
				GCC_WARN_UNINITIALIZED_AUTOS = YES_AGGRESSIVE;
				GCC_WARN_UNUSED_FUNCTION = YES;
				GCC_WARN_UNUSED_VARIABLE = YES;
				MACOSX_DEPLOYMENT_TARGET = 10.9;
				MTL_ENABLE_DEBUG_INFO = YES;
				ONLY_ACTIVE_ARCH = YES;
				SDKROOT = macosx10.9;
			};
			name = Debug;
		};
		4606871F1A8A82A8000EAAD2 /* Release */ = {
			isa = XCBuildConfiguration;
			buildSettings = {
				ALWAYS_SEARCH_USER_PATHS = NO;
				CLANG_CXX_LANGUAGE_STANDARD = "gnu++0x";
				CLANG_CXX_LIBRARY = "libc++";
				CLANG_ENABLE_MODULES = YES;
				CLANG_ENABLE_OBJC_ARC = NO;
				CLANG_WARN_BOOL_CONVERSION = YES;
				CLANG_WARN_CONSTANT_CONVERSION = YES;
				CLANG_WARN_DIRECT_OBJC_ISA_USAGE = YES_ERROR;
				CLANG_WARN_EMPTY_BODY = YES;
				CLANG_WARN_ENUM_CONVERSION = YES;
				CLANG_WARN_INT_CONVERSION = YES;
				CLANG_WARN_OBJC_ROOT_CLASS = YES_ERROR;
				CLANG_WARN_UNREACHABLE_CODE = YES;
				CLANG_WARN__DUPLICATE_METHOD_MATCH = YES;
				CODE_SIGN_IDENTITY = "-";
				COPY_PHASE_STRIP = YES;
				DEBUG_INFORMATION_FORMAT = "dwarf-with-dsym";
				ENABLE_NS_ASSERTIONS = NO;
				ENABLE_STRICT_OBJC_MSGSEND = YES;
				GCC_C_LANGUAGE_STANDARD = gnu99;
				GCC_WARN_64_TO_32_BIT_CONVERSION = YES;
				GCC_WARN_ABOUT_RETURN_TYPE = YES_ERROR;
				GCC_WARN_UNDECLARED_SELECTOR = YES;
				GCC_WARN_UNINITIALIZED_AUTOS = YES_AGGRESSIVE;
				GCC_WARN_UNUSED_FUNCTION = YES;
				GCC_WARN_UNUSED_VARIABLE = YES;
				MACOSX_DEPLOYMENT_TARGET = 10.9;
				MTL_ENABLE_DEBUG_INFO = NO;
				SDKROOT = macosx10.9;
			};
			name = Release;
		};
		460687211A8A82A8000EAAD2 /* Debug */ = {
			isa = XCBuildConfiguration;
			buildSettings = {
				ASSETCATALOG_COMPILER_APPICON_NAME = AppIcon;
				COMBINE_HIDPI_IMAGES = YES;
				FRAMEWORK_SEARCH_PATHS = (
					"$(inherited)",
					/Users/davidlublin/Documents/repos/SyphonFramework,
					"$(PROJECT_DIR)/GifToSyphon/Frameworks",
				);
				INFOPLIST_FILE = GifToSyphon/Info.plist;
				LD_RUNPATH_SEARCH_PATHS = "$(inherited) @executable_path/../Frameworks";
				PRODUCT_NAME = "$(TARGET_NAME)";
			};
			name = Debug;
		};
		460687221A8A82A8000EAAD2 /* Release */ = {
			isa = XCBuildConfiguration;
			buildSettings = {
				ASSETCATALOG_COMPILER_APPICON_NAME = AppIcon;
				COMBINE_HIDPI_IMAGES = YES;
				FRAMEWORK_SEARCH_PATHS = (
					"$(inherited)",
					/Users/davidlublin/Documents/repos/SyphonFramework,
					"$(PROJECT_DIR)/GifToSyphon/Frameworks",
				);
				INFOPLIST_FILE = GifToSyphon/Info.plist;
				LD_RUNPATH_SEARCH_PATHS = "$(inherited) @executable_path/../Frameworks";
				PRODUCT_NAME = "$(TARGET_NAME)";
			};
			name = Release;
		};
		460687241A8A82A8000EAAD2 /* Debug */ = {
			isa = XCBuildConfiguration;
			buildSettings = {
				BUNDLE_LOADER = "$(TEST_HOST)";
				COMBINE_HIDPI_IMAGES = YES;
				FRAMEWORK_SEARCH_PATHS = (
					"$(DEVELOPER_FRAMEWORKS_DIR)",
					"$(inherited)",
				);
				GCC_PREPROCESSOR_DEFINITIONS = (
					"DEBUG=1",
					"$(inherited)",
				);
				INFOPLIST_FILE = GifToSyphonTests/Info.plist;
				LD_RUNPATH_SEARCH_PATHS = "$(inherited) @executable_path/../Frameworks @loader_path/../Frameworks";
				PRODUCT_NAME = "$(TARGET_NAME)";
				TEST_HOST = "$(BUILT_PRODUCTS_DIR)/GifToSyphon.app/Contents/MacOS/GifToSyphon";
			};
			name = Debug;
		};
		460687251A8A82A8000EAAD2 /* Release */ = {
			isa = XCBuildConfiguration;
			buildSettings = {
				BUNDLE_LOADER = "$(TEST_HOST)";
				COMBINE_HIDPI_IMAGES = YES;
				FRAMEWORK_SEARCH_PATHS = (
					"$(DEVELOPER_FRAMEWORKS_DIR)",
					"$(inherited)",
				);
				INFOPLIST_FILE = GifToSyphonTests/Info.plist;
				LD_RUNPATH_SEARCH_PATHS = "$(inherited) @executable_path/../Frameworks @loader_path/../Frameworks";
				PRODUCT_NAME = "$(TARGET_NAME)";
				TEST_HOST = "$(BUILT_PRODUCTS_DIR)/GifToSyphon.app/Contents/MacOS/GifToSyphon";
			};
			name = Release;
		};
/* End XCBuildConfiguration section */

/* Begin XCConfigurationList section */
		460686FE1A8A82A8000EAAD2 /* Build configuration list for PBXProject "GifToSyphon" */ = {
			isa = XCConfigurationList;
			buildConfigurations = (
				4606871E1A8A82A8000EAAD2 /* Debug */,
				4606871F1A8A82A8000EAAD2 /* Release */,
			);
			defaultConfigurationIsVisible = 0;
			defaultConfigurationName = Release;
		};
		460687201A8A82A8000EAAD2 /* Build configuration list for PBXNativeTarget "GifToSyphon" */ = {
			isa = XCConfigurationList;
			buildConfigurations = (
				460687211A8A82A8000EAAD2 /* Debug */,
				460687221A8A82A8000EAAD2 /* Release */,
			);
			defaultConfigurationIsVisible = 0;
			defaultConfigurationName = Release;
		};
		460687231A8A82A8000EAAD2 /* Build configuration list for PBXNativeTarget "GifToSyphonTests" */ = {
			isa = XCConfigurationList;
			buildConfigurations = (
				460687241A8A82A8000EAAD2 /* Debug */,
				460687251A8A82A8000EAAD2 /* Release */,
			);
			defaultConfigurationIsVisible = 0;
			defaultConfigurationName = Release;
		};
/* End XCConfigurationList section */
	};
	rootObject = 460686FB1A8A82A8000EAAD2 /* Project object */;
}
